// !$*UTF8*$!
{
	archiveVersion = 1;
	classes = {
	};
	objectVersion = 50;
	objects = {

/* Begin PBXBuildFile section */
		FE81DD6924485C6400292BBF /* AppDelegate.swift in Sources */ = {isa = PBXBuildFile; fileRef = FE81DD6824485C6400292BBF /* AppDelegate.swift */; };
		FE81DD6B24485C6400292BBF /* SceneDelegate.swift in Sources */ = {isa = PBXBuildFile; fileRef = FE81DD6A24485C6400292BBF /* SceneDelegate.swift */; };
		FE81DD6D24485C6400292BBF /* ViewController.swift in Sources */ = {isa = PBXBuildFile; fileRef = FE81DD6C24485C6400292BBF /* ViewController.swift */; };
		FE81DD7024485C6400292BBF /* Main.storyboard in Resources */ = {isa = PBXBuildFile; fileRef = FE81DD6E24485C6400292BBF /* Main.storyboard */; };
		FE81DD7324485C6400292BBF /* theMovie.xcdatamodeld in Sources */ = {isa = PBXBuildFile; fileRef = FE81DD7124485C6400292BBF /* theMovie.xcdatamodeld */; };
		FE81DD7524485C6700292BBF /* Assets.xcassets in Resources */ = {isa = PBXBuildFile; fileRef = FE81DD7424485C6700292BBF /* Assets.xcassets */; };
		FE81DD7824485C6700292BBF /* LaunchScreen.storyboard in Resources */ = {isa = PBXBuildFile; fileRef = FE81DD7624485C6700292BBF /* LaunchScreen.storyboard */; };
		FE81DD822448770700292BBF /* Model.swift in Sources */ = {isa = PBXBuildFile; fileRef = FE81DD812448770700292BBF /* Model.swift */; };
		FE81DD84244877C900292BBF /* RequestMovie.swift in Sources */ = {isa = PBXBuildFile; fileRef = FE81DD83244877C900292BBF /* RequestMovie.swift */; };
		FE81DD8624487D1000292BBF /* MovieTableViewCell.swift in Sources */ = {isa = PBXBuildFile; fileRef = FE81DD8524487D1000292BBF /* MovieTableViewCell.swift */; };
		FE81DD8C2448DD5600292BBF /* MovieDetailViewController.swift in Sources */ = {isa = PBXBuildFile; fileRef = FE81DD8B2448DD5600292BBF /* MovieDetailViewController.swift */; };
		FE81DD922449A05B00292BBF /* LoadingCell.xib in Resources */ = {isa = PBXBuildFile; fileRef = FE81DD912449A05B00292BBF /* LoadingCell.xib */; };
		FE81DD942449A09500292BBF /* LoadingCellTableViewCell.swift in Sources */ = {isa = PBXBuildFile; fileRef = FE81DD932449A09500292BBF /* LoadingCellTableViewCell.swift */; };
		FE81DD972449C6DE00292BBF /* GenreViewController.swift in Sources */ = {isa = PBXBuildFile; fileRef = FE81DD962449C6DE00292BBF /* GenreViewController.swift */; };
/* End PBXBuildFile section */

/* Begin PBXFileReference section */
		FE81DD6524485C6400292BBF /* theMovie.app */ = {isa = PBXFileReference; explicitFileType = wrapper.application; includeInIndex = 0; path = theMovie.app; sourceTree = BUILT_PRODUCTS_DIR; };
		FE81DD6824485C6400292BBF /* AppDelegate.swift */ = {isa = PBXFileReference; lastKnownFileType = sourcecode.swift; path = AppDelegate.swift; sourceTree = "<group>"; };
		FE81DD6A24485C6400292BBF /* SceneDelegate.swift */ = {isa = PBXFileReference; lastKnownFileType = sourcecode.swift; path = SceneDelegate.swift; sourceTree = "<group>"; };
		FE81DD6C24485C6400292BBF /* ViewController.swift */ = {isa = PBXFileReference; lastKnownFileType = sourcecode.swift; path = ViewController.swift; sourceTree = "<group>"; };
		FE81DD6F24485C6400292BBF /* Base */ = {isa = PBXFileReference; lastKnownFileType = file.storyboard; name = Base; path = Base.lproj/Main.storyboard; sourceTree = "<group>"; };
		FE81DD7224485C6400292BBF /* theMovie.xcdatamodel */ = {isa = PBXFileReference; lastKnownFileType = wrapper.xcdatamodel; path = theMovie.xcdatamodel; sourceTree = "<group>"; };
		FE81DD7424485C6700292BBF /* Assets.xcassets */ = {isa = PBXFileReference; lastKnownFileType = folder.assetcatalog; path = Assets.xcassets; sourceTree = "<group>"; };
		FE81DD7724485C6700292BBF /* Base */ = {isa = PBXFileReference; lastKnownFileType = file.storyboard; name = Base; path = Base.lproj/LaunchScreen.storyboard; sourceTree = "<group>"; };
		FE81DD7924485C6800292BBF /* Info.plist */ = {isa = PBXFileReference; lastKnownFileType = text.plist.xml; path = Info.plist; sourceTree = "<group>"; };
		FE81DD812448770700292BBF /* Model.swift */ = {isa = PBXFileReference; lastKnownFileType = sourcecode.swift; path = Model.swift; sourceTree = "<group>"; };
		FE81DD83244877C900292BBF /* RequestMovie.swift */ = {isa = PBXFileReference; lastKnownFileType = sourcecode.swift; path = RequestMovie.swift; sourceTree = "<group>"; };
		FE81DD8524487D1000292BBF /* MovieTableViewCell.swift */ = {isa = PBXFileReference; lastKnownFileType = sourcecode.swift; path = MovieTableViewCell.swift; sourceTree = "<group>"; };
		FE81DD8B2448DD5600292BBF /* MovieDetailViewController.swift */ = {isa = PBXFileReference; lastKnownFileType = sourcecode.swift; path = MovieDetailViewController.swift; sourceTree = "<group>"; };
		FE81DD912449A05B00292BBF /* LoadingCell.xib */ = {isa = PBXFileReference; lastKnownFileType = file.xib; path = LoadingCell.xib; sourceTree = "<group>"; };
		FE81DD932449A09500292BBF /* LoadingCellTableViewCell.swift */ = {isa = PBXFileReference; lastKnownFileType = sourcecode.swift; path = LoadingCellTableViewCell.swift; sourceTree = "<group>"; };
		FE81DD962449C6DE00292BBF /* GenreViewController.swift */ = {isa = PBXFileReference; lastKnownFileType = sourcecode.swift; path = GenreViewController.swift; sourceTree = "<group>"; };
/* End PBXFileReference section */

/* Begin PBXFrameworksBuildPhase section */
		FE81DD6224485C6400292BBF /* Frameworks */ = {
			isa = PBXFrameworksBuildPhase;
			buildActionMask = 2147483647;
			files = (
			);
			runOnlyForDeploymentPostprocessing = 0;
		};
/* End PBXFrameworksBuildPhase section */

/* Begin PBXGroup section */
		FE81DD5C24485C6400292BBF = {
			isa = PBXGroup;
			children = (
				FE81DD6724485C6400292BBF /* theMovie */,
				FE81DD6624485C6400292BBF /* Products */,
			);
			sourceTree = "<group>";
		};
		FE81DD6624485C6400292BBF /* Products */ = {
			isa = PBXGroup;
			children = (
				FE81DD6524485C6400292BBF /* theMovie.app */,
			);
			name = Products;
			sourceTree = "<group>";
		};
		FE81DD6724485C6400292BBF /* theMovie */ = {
			isa = PBXGroup;
			children = (
				FE81DD952449A2A900292BBF /* Table View */,
				FE81DD8A2448DD3700292BBF /* View Controllers */,
				FE81DD892448DD1F00292BBF /* Helper */,
				FE81DD6824485C6400292BBF /* AppDelegate.swift */,
				FE81DD6A24485C6400292BBF /* SceneDelegate.swift */,
				FE81DD6E24485C6400292BBF /* Main.storyboard */,
				FE81DD7424485C6700292BBF /* Assets.xcassets */,
				FE81DD7624485C6700292BBF /* LaunchScreen.storyboard */,
				FE81DD7924485C6800292BBF /* Info.plist */,
				FE81DD7124485C6400292BBF /* theMovie.xcdatamodeld */,
			);
			path = theMovie;
			sourceTree = "<group>";
		};
		FE81DD892448DD1F00292BBF /* Helper */ = {
			isa = PBXGroup;
			children = (
				FE81DD812448770700292BBF /* Model.swift */,
				FE81DD83244877C900292BBF /* RequestMovie.swift */,
			);
			path = Helper;
			sourceTree = "<group>";
		};
		FE81DD8A2448DD3700292BBF /* View Controllers */ = {
			isa = PBXGroup;
			children = (
				FE81DD6C24485C6400292BBF /* ViewController.swift */,
				FE81DD8B2448DD5600292BBF /* MovieDetailViewController.swift */,
				FE81DD962449C6DE00292BBF /* GenreViewController.swift */,
			);
			path = "View Controllers";
			sourceTree = "<group>";
		};
		FE81DD952449A2A900292BBF /* Table View */ = {
			isa = PBXGroup;
			children = (
				FE81DD912449A05B00292BBF /* LoadingCell.xib */,
				FE81DD932449A09500292BBF /* LoadingCellTableViewCell.swift */,
				FE81DD8524487D1000292BBF /* MovieTableViewCell.swift */,
			);
			path = "Table View";
			sourceTree = "<group>";
		};
/* End PBXGroup section */

/* Begin PBXNativeTarget section */
		FE81DD6424485C6400292BBF /* theMovie */ = {
			isa = PBXNativeTarget;
			buildConfigurationList = FE81DD7C24485C6800292BBF /* Build configuration list for PBXNativeTarget "theMovie" */;
			buildPhases = (
				FE81DD6124485C6400292BBF /* Sources */,
				FE81DD6224485C6400292BBF /* Frameworks */,
				FE81DD6324485C6400292BBF /* Resources */,
			);
			buildRules = (
			);
			dependencies = (
			);
			name = theMovie;
			productName = theMovie;
			productReference = FE81DD6524485C6400292BBF /* theMovie.app */;
			productType = "com.apple.product-type.application";
		};
/* End PBXNativeTarget section */

/* Begin PBXProject section */
		FE81DD5D24485C6400292BBF /* Project object */ = {
			isa = PBXProject;
			attributes = {
				LastSwiftUpdateCheck = 1120;
				LastUpgradeCheck = 1120;
				ORGANIZATIONNAME = "Leonnardo Benjamin Hutama";
				TargetAttributes = {
					FE81DD6424485C6400292BBF = {
						CreatedOnToolsVersion = 11.2;
					};
				};
			};
			buildConfigurationList = FE81DD6024485C6400292BBF /* Build configuration list for PBXProject "theMovie" */;
			compatibilityVersion = "Xcode 9.3";
			developmentRegion = en;
			hasScannedForEncodings = 0;
			knownRegions = (
				en,
				Base,
			);
			mainGroup = FE81DD5C24485C6400292BBF;
			productRefGroup = FE81DD6624485C6400292BBF /* Products */;
			projectDirPath = "";
			projectRoot = "";
			targets = (
				FE81DD6424485C6400292BBF /* theMovie */,
			);
		};
/* End PBXProject section */

/* Begin PBXResourcesBuildPhase section */
		FE81DD6324485C6400292BBF /* Resources */ = {
			isa = PBXResourcesBuildPhase;
			buildActionMask = 2147483647;
			files = (
				FE81DD7824485C6700292BBF /* LaunchScreen.storyboard in Resources */,
				FE81DD7524485C6700292BBF /* Assets.xcassets in Resources */,
				FE81DD922449A05B00292BBF /* LoadingCell.xib in Resources */,
				FE81DD7024485C6400292BBF /* Main.storyboard in Resources */,
			);
			runOnlyForDeploymentPostprocessing = 0;
		};
/* End PBXResourcesBuildPhase section */

/* Begin PBXSourcesBuildPhase section */
		FE81DD6124485C6400292BBF /* Sources */ = {
			isa = PBXSourcesBuildPhase;
			buildActionMask = 2147483647;
			files = (
				FE81DD822448770700292BBF /* Model.swift in Sources */,
				FE81DD6D24485C6400292BBF /* ViewController.swift in Sources */,
				FE81DD8624487D1000292BBF /* MovieTableViewCell.swift in Sources */,
				FE81DD6924485C6400292BBF /* AppDelegate.swift in Sources */,
				FE81DD8C2448DD5600292BBF /* MovieDetailViewController.swift in Sources */,
				FE81DD942449A09500292BBF /* LoadingCellTableViewCell.swift in Sources */,
				FE81DD972449C6DE00292BBF /* GenreViewController.swift in Sources */,
				FE81DD7324485C6400292BBF /* theMovie.xcdatamodeld in Sources */,
				FE81DD84244877C900292BBF /* RequestMovie.swift in Sources */,
				FE81DD6B24485C6400292BBF /* SceneDelegate.swift in Sources */,
			);
			runOnlyForDeploymentPostprocessing = 0;
		};
/* End PBXSourcesBuildPhase section */

/* Begin PBXVariantGroup section */
		FE81DD6E24485C6400292BBF /* Main.storyboard */ = {
			isa = PBXVariantGroup;
			children = (
				FE81DD6F24485C6400292BBF /* Base */,
			);
			name = Main.storyboard;
			sourceTree = "<group>";
		};
		FE81DD7624485C6700292BBF /* LaunchScreen.storyboard */ = {
			isa = PBXVariantGroup;
			children = (
				FE81DD7724485C6700292BBF /* Base */,
			);
			name = LaunchScreen.storyboard;
			sourceTree = "<group>";
		};
/* End PBXVariantGroup section */

/* Begin XCBuildConfiguration section */
		FE81DD7A24485C6800292BBF /* Debug */ = {
			isa = XCBuildConfiguration;
			buildSettings = {
				ALWAYS_SEARCH_USER_PATHS = NO;
				CLANG_ANALYZER_NONNULL = YES;
				CLANG_ANALYZER_NUMBER_OBJECT_CONVERSION = YES_AGGRESSIVE;
				CLANG_CXX_LANGUAGE_STANDARD = "gnu++14";
				CLANG_CXX_LIBRARY = "libc++";
				CLANG_ENABLE_MODULES = YES;
				CLANG_ENABLE_OBJC_ARC = YES;
				CLANG_ENABLE_OBJC_WEAK = YES;
				CLANG_WARN_BLOCK_CAPTURE_AUTORELEASING = YES;
				CLANG_WARN_BOOL_CONVERSION = YES;
				CLANG_WARN_COMMA = YES;
				CLANG_WARN_CONSTANT_CONVERSION = YES;
				CLANG_WARN_DEPRECATED_OBJC_IMPLEMENTATIONS = YES;
				CLANG_WARN_DIRECT_OBJC_ISA_USAGE = YES_ERROR;
				CLANG_WARN_DOCUMENTATION_COMMENTS = YES;
				CLANG_WARN_EMPTY_BODY = YES;
				CLANG_WARN_ENUM_CONVERSION = YES;
				CLANG_WARN_INFINITE_RECURSION = YES;
				CLANG_WARN_INT_CONVERSION = YES;
				CLANG_WARN_NON_LITERAL_NULL_CONVERSION = YES;
				CLANG_WARN_OBJC_IMPLICIT_RETAIN_SELF = YES;
				CLANG_WARN_OBJC_LITERAL_CONVERSION = YES;
				CLANG_WARN_OBJC_ROOT_CLASS = YES_ERROR;
				CLANG_WARN_RANGE_LOOP_ANALYSIS = YES;
				CLANG_WARN_STRICT_PROTOTYPES = YES;
				CLANG_WARN_SUSPICIOUS_MOVE = YES;
				CLANG_WARN_UNGUARDED_AVAILABILITY = YES_AGGRESSIVE;
				CLANG_WARN_UNREACHABLE_CODE = YES;
				CLANG_WARN__DUPLICATE_METHOD_MATCH = YES;
				COPY_PHASE_STRIP = NO;
				DEBUG_INFORMATION_FORMAT = dwarf;
				ENABLE_STRICT_OBJC_MSGSEND = YES;
				ENABLE_TESTABILITY = YES;
				GCC_C_LANGUAGE_STANDARD = gnu11;
				GCC_DYNAMIC_NO_PIC = NO;
				GCC_NO_COMMON_BLOCKS = YES;
				GCC_OPTIMIZATION_LEVEL = 0;
				GCC_PREPROCESSOR_DEFINITIONS = (
					"DEBUG=1",
					"$(inherited)",
				);
				GCC_WARN_64_TO_32_BIT_CONVERSION = YES;
				GCC_WARN_ABOUT_RETURN_TYPE = YES_ERROR;
				GCC_WARN_UNDECLARED_SELECTOR = YES;
				GCC_WARN_UNINITIALIZED_AUTOS = YES_AGGRESSIVE;
				GCC_WARN_UNUSED_FUNCTION = YES;
				GCC_WARN_UNUSED_VARIABLE = YES;
				IPHONEOS_DEPLOYMENT_TARGET = 13.2;
				MTL_ENABLE_DEBUG_INFO = INCLUDE_SOURCE;
				MTL_FAST_MATH = YES;
				ONLY_ACTIVE_ARCH = YES;
				SDKROOT = iphoneos;
				SWIFT_ACTIVE_COMPILATION_CONDITIONS = DEBUG;
				SWIFT_OPTIMIZATION_LEVEL = "-Onone";
			};
			name = Debug;
		};
		FE81DD7B24485C6800292BBF /* Release */ = {
			isa = XCBuildConfiguration;
			buildSettings = {
				ALWAYS_SEARCH_USER_PATHS = NO;
				CLANG_ANALYZER_NONNULL = YES;
				CLANG_ANALYZER_NUMBER_OBJECT_CONVERSION = YES_AGGRESSIVE;
				CLANG_CXX_LANGUAGE_STANDARD = "gnu++14";
				CLANG_CXX_LIBRARY = "libc++";
				CLANG_ENABLE_MODULES = YES;
				CLANG_ENABLE_OBJC_ARC = YES;
				CLANG_ENABLE_OBJC_WEAK = YES;
				CLANG_WARN_BLOCK_CAPTURE_AUTORELEASING = YES;
				CLANG_WARN_BOOL_CONVERSION = YES;
				CLANG_WARN_COMMA = YES;
				CLANG_WARN_CONSTANT_CONVERSION = YES;
				CLANG_WARN_DEPRECATED_OBJC_IMPLEMENTATIONS = YES;
				CLANG_WARN_DIRECT_OBJC_ISA_USAGE = YES_ERROR;
				CLANG_WARN_DOCUMENTATION_COMMENTS = YES;
				CLANG_WARN_EMPTY_BODY = YES;
				CLANG_WARN_ENUM_CONVERSION = YES;
				CLANG_WARN_INFINITE_RECURSION = YES;
				CLANG_WARN_INT_CONVERSION = YES;
				CLANG_WARN_NON_LITERAL_NULL_CONVERSION = YES;
				CLANG_WARN_OBJC_IMPLICIT_RETAIN_SELF = YES;
				CLANG_WARN_OBJC_LITERAL_CONVERSION = YES;
				CLANG_WARN_OBJC_ROOT_CLASS = YES_ERROR;
				CLANG_WARN_RANGE_LOOP_ANALYSIS = YES;
				CLANG_WARN_STRICT_PROTOTYPES = YES;
				CLANG_WARN_SUSPICIOUS_MOVE = YES;
				CLANG_WARN_UNGUARDED_AVAILABILITY = YES_AGGRESSIVE;
				CLANG_WARN_UNREACHABLE_CODE = YES;
				CLANG_WARN__DUPLICATE_METHOD_MATCH = YES;
				COPY_PHASE_STRIP = NO;
				DEBUG_INFORMATION_FORMAT = "dwarf-with-dsym";
				ENABLE_NS_ASSERTIONS = NO;
				ENABLE_STRICT_OBJC_MSGSEND = YES;
				GCC_C_LANGUAGE_STANDARD = gnu11;
				GCC_NO_COMMON_BLOCKS = YES;
				GCC_WARN_64_TO_32_BIT_CONVERSION = YES;
				GCC_WARN_ABOUT_RETURN_TYPE = YES_ERROR;
				GCC_WARN_UNDECLARED_SELECTOR = YES;
				GCC_WARN_UNINITIALIZED_AUTOS = YES_AGGRESSIVE;
				GCC_WARN_UNUSED_FUNCTION = YES;
				GCC_WARN_UNUSED_VARIABLE = YES;
				IPHONEOS_DEPLOYMENT_TARGET = 13.2;
				MTL_ENABLE_DEBUG_INFO = NO;
				MTL_FAST_MATH = YES;
				SDKROOT = iphoneos;
				SWIFT_COMPILATION_MODE = wholemodule;
				SWIFT_OPTIMIZATION_LEVEL = "-O";
				VALIDATE_PRODUCT = YES;
			};
			name = Release;
		};
		FE81DD7D24485C6800292BBF /* Debug */ = {
			isa = XCBuildConfiguration;
			buildSettings = {
				ASSETCATALOG_COMPILER_APPICON_NAME = AppIcon;
				CODE_SIGN_STYLE = Automatic;
				DEVELOPMENT_TEAM = MZRSNJ29G3;
				INFOPLIST_FILE = theMovie/Info.plist;
				LD_RUNPATH_SEARCH_PATHS = (
					"$(inherited)",
					"@executable_path/Frameworks",
				);
				PRODUCT_BUNDLE_IDENTIFIER = com.leonn.theMovie;
				PRODUCT_NAME = "$(TARGET_NAME)";
				SWIFT_VERSION = 5.0;
				TARGETED_DEVICE_FAMILY = "1,2";
			};
			name = Debug;
		};
		FE81DD7E24485C6800292BBF /* Release */ = {
			isa = XCBuildConfiguration;
			buildSettings = {
				ASSETCATALOG_COMPILER_APPICON_NAME = AppIcon;
				CODE_SIGN_STYLE = Automatic;
				DEVELOPMENT_TEAM = MZRSNJ29G3;
				INFOPLIST_FILE = theMovie/Info.plist;
				LD_RUNPATH_SEARCH_PATHS = (
					"$(inherited)",
					"@executable_path/Frameworks",
				);
				PRODUCT_BUNDLE_IDENTIFIER = com.leonn.theMovie;
				PRODUCT_NAME = "$(TARGET_NAME)";
				SWIFT_VERSION = 5.0;
				TARGETED_DEVICE_FAMILY = "1,2";
			};
			name = Release;
		};
/* End XCBuildConfiguration section */

/* Begin XCConfigurationList section */
		FE81DD6024485C6400292BBF /* Build configuration list for PBXProject "theMovie" */ = {
			isa = XCConfigurationList;
			buildConfigurations = (
				FE81DD7A24485C6800292BBF /* Debug */,
				FE81DD7B24485C6800292BBF /* Release */,
			);
			defaultConfigurationIsVisible = 0;
			defaultConfigurationName = Release;
		};
		FE81DD7C24485C6800292BBF /* Build configuration list for PBXNativeTarget "theMovie" */ = {
			isa = XCConfigurationList;
			buildConfigurations = (
				FE81DD7D24485C6800292BBF /* Debug */,
				FE81DD7E24485C6800292BBF /* Release */,
			);
			defaultConfigurationIsVisible = 0;
			defaultConfigurationName = Release;
		};
/* End XCConfigurationList section */

/* Begin XCVersionGroup section */
		FE81DD7124485C6400292BBF /* theMovie.xcdatamodeld */ = {
			isa = XCVersionGroup;
			children = (
				FE81DD7224485C6400292BBF /* theMovie.xcdatamodel */,
			);
			currentVersion = FE81DD7224485C6400292BBF /* theMovie.xcdatamodel */;
			path = theMovie.xcdatamodeld;
			sourceTree = "<group>";
			versionGroupType = wrapper.xcdatamodel;
		};
/* End XCVersionGroup section */
	};
	rootObject = FE81DD5D24485C6400292BBF /* Project object */;
}
